
Microsoft Visual Studio Solution File, Format Version 12.00
# Visual Studio Version 16
VisualStudioVersion = 16.0.30611.23
MinimumVisualStudioVersion = 10.0.40219.1
Project("{FAE04EC0-301F-11D3-BF4B-00C04F79EFBC}") = "TheCircleAndCylinderClasses", "TheCircleAndCylinderClasses.csproj", "{13882463-F2B8-4FCE-9AF8-E1B60075AF64}"
EndProject
Global
	GlobalSection(SolutionConfigurationPlatforms) = preSolution
		Debug|Any CPU = Debug|Any CPU
		Release|Any CPU = Release|Any CPU
	EndGlobalSection
	GlobalSection(ProjectConfigurationPlatforms) = postSolution
		{13882463-F2B8-4FCE-9AF8-E1B60075AF64}.Debug|Any CPU.ActiveCfg = Debug|Any CPU
		{13882463-F2B8-4FCE-9AF8-E1B60075AF64}.Debug|Any CPU.Build.0 = Debug|Any CPU
		{13882463-F2B8-4FCE-9AF8-E1B60075AF64}.Release|Any CPU.ActiveCfg = Release|Any CPU
		{13882463-F2B8-4FCE-9AF8-E1B60075AF64}.Release|Any CPU.Build.0 = Release|Any CPU
	EndGlobalSection
	GlobalSection(SolutionProperties) = preSolution
		HideSolutionNode = FALSE
	EndGlobalSection
	GlobalSection(ExtensibilityGlobals) = postSolution
		SolutionGuid = {FAB6D061-8181-47CB-827F-3289CDB6E5FC}
	EndGlobalSection
EndGlobal
